{
  "name": "oop",
  "version": "1.0.0",
  "lockfileVersion": 1,
  "requires": true,
  "dependencies": {
    "@types/node": {
      "version": "12.12.28",
      "resolved": "https://registry.npmjs.org/@types/node/-/node-12.12.28.tgz",
      "integrity": "sha512-g73GJYJDXgf0jqg+P9S8h2acWbDXNkoCX8DLtJVu7Fkn788pzQ/oJsrdJz/2JejRf/SjfZaAhsw+3nd1D5EWGg=="
    },
    "moment": {
      "version": "2.29.2",
      "resolved": "https://registry.npmjs.org/moment/-/moment-2.29.2.tgz",
      "integrity": "sha512-UgzG4rvxYpN15jgCmVJwac49h9ly9NurikMWGPdVxm8GZD6XjkKPxDTjQQ43gtGgnV3X0cAyWDdP2Wexoquifg=="
    }
  }
}
